
Microsoft Visual Studio Solution File, Format Version 12.00
# Visual Studio Version 17
VisualStudioVersion = 17.13.35723.152 d17.13
MinimumVisualStudioVersion = 10.0.40219.1
Project("{FAE04EC0-301F-11D3-BF4B-00C04F79EFBC}") = "Apiproductos", "Apiproductos\Apiproductos.csproj", "{D652C3C6-3CA2-44BA-8508-3E804108EA7B}"
EndProject
Global
	GlobalSection(SolutionConfigurationPlatforms) = preSolution
		Debug|Any CPU = Debug|Any CPU
		Release|Any CPU = Release|Any CPU
	EndGlobalSection
	GlobalSection(ProjectConfigurationPlatforms) = postSolution
		{D652C3C6-3CA2-44BA-8508-3E804108EA7B}.Debug|Any CPU.ActiveCfg = Debug|Any CPU
		{D652C3C6-3CA2-44BA-8508-3E804108EA7B}.Debug|Any CPU.Build.0 = Debug|Any CPU
		{D652C3C6-3CA2-44BA-8508-3E804108EA7B}.Release|Any CPU.ActiveCfg = Release|Any CPU
		{D652C3C6-3CA2-44BA-8508-3E804108EA7B}.Release|Any CPU.Build.0 = Release|Any CPU
	EndGlobalSection
	GlobalSection(SolutionProperties) = preSolution
		HideSolutionNode = FALSE
	EndGlobalSection
	GlobalSection(ExtensibilityGlobals) = postSolution
		SolutionGuid = {C0CA6941-9D39-46C1-8138-6A390DAA5BC2}
	EndGlobalSection
EndGlobal
